
Microsoft Visual Studio Solution File, Format Version 12.00
# Visual Studio 15
VisualStudioVersion = 15.0.26430.14
MinimumVisualStudioVersion = 10.0.40219.1
Project("{2150E333-8FDC-42A3-9474-1A3956D46DE8}") = "src", "src", "{CCEC842B-9422-4FC6-8761-EF3B85C50323}"
EndProject
Project("{2150E333-8FDC-42A3-9474-1A3956D46DE8}") = "Solution Items", "Solution Items", "{9C10BC39-1FD9-40AA-AE8F-163DC2D62505}"
EndProject
Project("{9A19103F-16F7-4668-BE54-9A1E7A4F7556}") = "BookStore.Api", "src\BookStore.Api\BookStore.Api.csproj", "{96A0F323-EB3B-4021-8883-4AD7474597BA}"
EndProject
Project("{9A19103F-16F7-4668-BE54-9A1E7A4F7556}") = "BookStore.BL", "src\BookStore.BL\BookStore.BL.csproj", "{50851425-3920-47BE-AEB5-97A9E12562A2}"
EndProject
Project("{9A19103F-16F7-4668-BE54-9A1E7A4F7556}") = "BookStore.Data", "src\BookStore.Data\BookStore.Data.csproj", "{38F58D2F-9646-4028-ACCB-4F29B05475B6}"
EndProject
Project("{9A19103F-16F7-4668-BE54-9A1E7A4F7556}") = "BookStore.ViewModels", "src\BookStore.ViewModels\BookStore.ViewModels.csproj", "{05EAECDB-EC0B-4369-993C-77C7F787A20F}"
EndProject
Global
	GlobalSection(SolutionConfigurationPlatforms) = preSolution
		Debug|Any CPU = Debug|Any CPU
		Release|Any CPU = Release|Any CPU
	EndGlobalSection
	GlobalSection(ProjectConfigurationPlatforms) = postSolution
		{96A0F323-EB3B-4021-8883-4AD7474597BA}.Debug|Any CPU.ActiveCfg = Debug|Any CPU
		{96A0F323-EB3B-4021-8883-4AD7474597BA}.Debug|Any CPU.Build.0 = Debug|Any CPU
		{96A0F323-EB3B-4021-8883-4AD7474597BA}.Release|Any CPU.ActiveCfg = Release|Any CPU
		{96A0F323-EB3B-4021-8883-4AD7474597BA}.Release|Any CPU.Build.0 = Release|Any CPU
		{50851425-3920-47BE-AEB5-97A9E12562A2}.Debug|Any CPU.ActiveCfg = Debug|Any CPU
		{50851425-3920-47BE-AEB5-97A9E12562A2}.Debug|Any CPU.Build.0 = Debug|Any CPU
		{50851425-3920-47BE-AEB5-97A9E12562A2}.Release|Any CPU.ActiveCfg = Release|Any CPU
		{50851425-3920-47BE-AEB5-97A9E12562A2}.Release|Any CPU.Build.0 = Release|Any CPU
		{38F58D2F-9646-4028-ACCB-4F29B05475B6}.Debug|Any CPU.ActiveCfg = Debug|Any CPU
		{38F58D2F-9646-4028-ACCB-4F29B05475B6}.Debug|Any CPU.Build.0 = Debug|Any CPU
		{38F58D2F-9646-4028-ACCB-4F29B05475B6}.Release|Any CPU.ActiveCfg = Release|Any CPU
		{38F58D2F-9646-4028-ACCB-4F29B05475B6}.Release|Any CPU.Build.0 = Release|Any CPU
		{05EAECDB-EC0B-4369-993C-77C7F787A20F}.Debug|Any CPU.ActiveCfg = Debug|Any CPU
		{05EAECDB-EC0B-4369-993C-77C7F787A20F}.Debug|Any CPU.Build.0 = Debug|Any CPU
		{05EAECDB-EC0B-4369-993C-77C7F787A20F}.Release|Any CPU.ActiveCfg = Release|Any CPU
		{05EAECDB-EC0B-4369-993C-77C7F787A20F}.Release|Any CPU.Build.0 = Release|Any CPU
	EndGlobalSection
	GlobalSection(SolutionProperties) = preSolution
		HideSolutionNode = FALSE
	EndGlobalSection
	GlobalSection(NestedProjects) = preSolution
		{96A0F323-EB3B-4021-8883-4AD7474597BA} = {CCEC842B-9422-4FC6-8761-EF3B85C50323}
		{50851425-3920-47BE-AEB5-97A9E12562A2} = {CCEC842B-9422-4FC6-8761-EF3B85C50323}
		{38F58D2F-9646-4028-ACCB-4F29B05475B6} = {CCEC842B-9422-4FC6-8761-EF3B85C50323}
		{05EAECDB-EC0B-4369-993C-77C7F787A20F} = {CCEC842B-9422-4FC6-8761-EF3B85C50323}
	EndGlobalSection
EndGlobal
